// !$*UTF8*$!
{
	archiveVersion = 1;
	classes = {
	};
	objectVersion = 46;
	objects = {

/* Begin PBXBuildFile section */
		6C23BA6D174AA7BD00EAB411 /* Person.m in Sources */ = {isa = PBXBuildFile; fileRef = 6C23BA6C174AA7BD00EAB411 /* Person.m */; };
		6C23BA79174AA93100EAB411 /* ActiveSupportInflector.m in Sources */ = {isa = PBXBuildFile; fileRef = 6C23BA71174AA93100EAB411 /* ActiveSupportInflector.m */; settings = {COMPILER_FLAGS = "-fno-objc-arc"; }; };
		6C23BA7E174AA93100EAB411 /* NSString+ActiveSupportInflector.m in Sources */ = {isa = PBXBuildFile; fileRef = 6C23BA77174AA93100EAB411 /* NSString+ActiveSupportInflector.m */; settings = {COMPILER_FLAGS = "-fno-objc-arc"; }; };
		CF1CCD2A173B061600F28A93 /* UIKit.framework in Frameworks */ = {isa = PBXBuildFile; fileRef = CF1CCD29173B061600F28A93 /* UIKit.framework */; };
		CF1CCD2C173B061600F28A93 /* Foundation.framework in Frameworks */ = {isa = PBXBuildFile; fileRef = CF1CCD2B173B061600F28A93 /* Foundation.framework */; };
		CF1CCD2E173B061600F28A93 /* CoreGraphics.framework in Frameworks */ = {isa = PBXBuildFile; fileRef = CF1CCD2D173B061600F28A93 /* CoreGraphics.framework */; };
		CF1CCD34173B061600F28A93 /* InfoPlist.strings in Resources */ = {isa = PBXBuildFile; fileRef = CF1CCD32173B061600F28A93 /* InfoPlist.strings */; };
		CF1CCD36173B061600F28A93 /* main.m in Sources */ = {isa = PBXBuildFile; fileRef = CF1CCD35173B061600F28A93 /* main.m */; };
		CF1CCD3A173B061600F28A93 /* MEBAppDelegate.m in Sources */ = {isa = PBXBuildFile; fileRef = CF1CCD39173B061600F28A93 /* MEBAppDelegate.m */; };
		CF1CCD3C173B061600F28A93 /* Default.png in Resources */ = {isa = PBXBuildFile; fileRef = CF1CCD3B173B061600F28A93 /* Default.png */; };
		CF1CCD3E173B061600F28A93 /* Default@2x.png in Resources */ = {isa = PBXBuildFile; fileRef = CF1CCD3D173B061600F28A93 /* Default@2x.png */; };
		CF1CCD40173B061600F28A93 /* Default-568h@2x.png in Resources */ = {isa = PBXBuildFile; fileRef = CF1CCD3F173B061600F28A93 /* Default-568h@2x.png */; };
		CF1CCD50173B06E600F28A93 /* MEBSimpleORMManager.m in Sources */ = {isa = PBXBuildFile; fileRef = CF1CCD49173B06E600F28A93 /* MEBSimpleORMManager.m */; };
		CF1CCD51173B06E600F28A93 /* MEBSimpleORMModel.m in Sources */ = {isa = PBXBuildFile; fileRef = CF1CCD4B173B06E600F28A93 /* MEBSimpleORMModel.m */; };
		CF1CCD52173B06E600F28A93 /* ObjectiveCPropertyDescription.m in Sources */ = {isa = PBXBuildFile; fileRef = CF1CCD4D173B06E600F28A93 /* ObjectiveCPropertyDescription.m */; };
		CF1CCD53173B06E600F28A93 /* MEBSimpleORM.m in Sources */ = {isa = PBXBuildFile; fileRef = CF1CCD4F173B06E600F28A93 /* MEBSimpleORM.m */; };
		CF1CCD55173B08AA00F28A93 /* README.md in Resources */ = {isa = PBXBuildFile; fileRef = CF1CCD54173B08AA00F28A93 /* README.md */; };
/* End PBXBuildFile section */

/* Begin PBXFileReference section */
		6C23BA6B174AA7BD00EAB411 /* Person.h */ = {isa = PBXFileReference; fileEncoding = 4; lastKnownFileType = sourcecode.c.h; name = Person.h; path = Models/Person.h; sourceTree = "<group>"; };
		6C23BA6C174AA7BD00EAB411 /* Person.m */ = {isa = PBXFileReference; fileEncoding = 4; lastKnownFileType = sourcecode.c.objc; name = Person.m; path = Models/Person.m; sourceTree = "<group>"; };
		6C23BA70174AA93100EAB411 /* ActiveSupportInflector.h */ = {isa = PBXFileReference; fileEncoding = 4; lastKnownFileType = sourcecode.c.h; path = ActiveSupportInflector.h; sourceTree = "<group>"; };
		6C23BA71174AA93100EAB411 /* ActiveSupportInflector.m */ = {isa = PBXFileReference; fileEncoding = 4; lastKnownFileType = sourcecode.c.objc; path = ActiveSupportInflector.m; sourceTree = "<group>"; };
		6C23BA76174AA93100EAB411 /* NSString+ActiveSupportInflector.h */ = {isa = PBXFileReference; fileEncoding = 4; lastKnownFileType = sourcecode.c.h; path = "NSString+ActiveSupportInflector.h"; sourceTree = "<group>"; };
		6C23BA77174AA93100EAB411 /* NSString+ActiveSupportInflector.m */ = {isa = PBXFileReference; fileEncoding = 4; lastKnownFileType = sourcecode.c.objc; path = "NSString+ActiveSupportInflector.m"; sourceTree = "<group>"; };
		CF1CCD26173B061600F28A93 /* MEBSimpleORMDemo.app */ = {isa = PBXFileReference; explicitFileType = wrapper.application; includeInIndex = 0; path = MEBSimpleORMDemo.app; sourceTree = BUILT_PRODUCTS_DIR; };
		CF1CCD29173B061600F28A93 /* UIKit.framework */ = {isa = PBXFileReference; lastKnownFileType = wrapper.framework; name = UIKit.framework; path = System/Library/Frameworks/UIKit.framework; sourceTree = SDKROOT; };
		CF1CCD2B173B061600F28A93 /* Foundation.framework */ = {isa = PBXFileReference; lastKnownFileType = wrapper.framework; name = Foundation.framework; path = System/Library/Frameworks/Foundation.framework; sourceTree = SDKROOT; };
		CF1CCD2D173B061600F28A93 /* CoreGraphics.framework */ = {isa = PBXFileReference; lastKnownFileType = wrapper.framework; name = CoreGraphics.framework; path = System/Library/Frameworks/CoreGraphics.framework; sourceTree = SDKROOT; };
		CF1CCD31173B061600F28A93 /* MEBSimpleORMDemo-Info.plist */ = {isa = PBXFileReference; lastKnownFileType = text.plist.xml; path = "MEBSimpleORMDemo-Info.plist"; sourceTree = "<group>"; };
		CF1CCD33173B061600F28A93 /* en */ = {isa = PBXFileReference; lastKnownFileType = text.plist.strings; name = en; path = en.lproj/InfoPlist.strings; sourceTree = "<group>"; };
		CF1CCD35173B061600F28A93 /* main.m */ = {isa = PBXFileReference; lastKnownFileType = sourcecode.c.objc; path = main.m; sourceTree = "<group>"; };
		CF1CCD37173B061600F28A93 /* MEBSimpleORMDemo-Prefix.pch */ = {isa = PBXFileReference; lastKnownFileType = sourcecode.c.h; path = "MEBSimpleORMDemo-Prefix.pch"; sourceTree = "<group>"; };
		CF1CCD38173B061600F28A93 /* MEBAppDelegate.h */ = {isa = PBXFileReference; lastKnownFileType = sourcecode.c.h; path = MEBAppDelegate.h; sourceTree = "<group>"; };
		CF1CCD39173B061600F28A93 /* MEBAppDelegate.m */ = {isa = PBXFileReference; lastKnownFileType = sourcecode.c.objc; path = MEBAppDelegate.m; sourceTree = "<group>"; };
		CF1CCD3B173B061600F28A93 /* Default.png */ = {isa = PBXFileReference; lastKnownFileType = image.png; path = Default.png; sourceTree = "<group>"; };
		CF1CCD3D173B061600F28A93 /* Default@2x.png */ = {isa = PBXFileReference; lastKnownFileType = image.png; path = "Default@2x.png"; sourceTree = "<group>"; };
		CF1CCD3F173B061600F28A93 /* Default-568h@2x.png */ = {isa = PBXFileReference; lastKnownFileType = image.png; path = "Default-568h@2x.png"; sourceTree = "<group>"; };
		CF1CCD48173B06E600F28A93 /* MEBSimpleORMManager.h */ = {isa = PBXFileReference; fileEncoding = 4; lastKnownFileType = sourcecode.c.h; path = MEBSimpleORMManager.h; sourceTree = "<group>"; };
		CF1CCD49173B06E600F28A93 /* MEBSimpleORMManager.m */ = {isa = PBXFileReference; fileEncoding = 4; lastKnownFileType = sourcecode.c.objc; path = MEBSimpleORMManager.m; sourceTree = "<group>"; };
		CF1CCD4A173B06E600F28A93 /* MEBSimpleORMModel.h */ = {isa = PBXFileReference; fileEncoding = 4; lastKnownFileType = sourcecode.c.h; path = MEBSimpleORMModel.h; sourceTree = "<group>"; };
		CF1CCD4B173B06E600F28A93 /* MEBSimpleORMModel.m */ = {isa = PBXFileReference; fileEncoding = 4; lastKnownFileType = sourcecode.c.objc; path = MEBSimpleORMModel.m; sourceTree = "<group>"; };
		CF1CCD4C173B06E600F28A93 /* ObjectiveCPropertyDescription.h */ = {isa = PBXFileReference; fileEncoding = 4; lastKnownFileType = sourcecode.c.h; path = ObjectiveCPropertyDescription.h; sourceTree = "<group>"; };
		CF1CCD4D173B06E600F28A93 /* ObjectiveCPropertyDescription.m */ = {isa = PBXFileReference; fileEncoding = 4; lastKnownFileType = sourcecode.c.objc; path = ObjectiveCPropertyDescription.m; sourceTree = "<group>"; };
		CF1CCD4E173B06E600F28A93 /* MEBSimpleORM.h */ = {isa = PBXFileReference; fileEncoding = 4; lastKnownFileType = sourcecode.c.h; path = MEBSimpleORM.h; sourceTree = "<group>"; };
		CF1CCD4F173B06E600F28A93 /* MEBSimpleORM.m */ = {isa = PBXFileReference; fileEncoding = 4; lastKnownFileType = sourcecode.c.objc; path = MEBSimpleORM.m; sourceTree = "<group>"; };
		CF1CCD54173B08AA00F28A93 /* README.md */ = {isa = PBXFileReference; fileEncoding = 4; lastKnownFileType = text; name = README.md; path = ../README.md; sourceTree = "<group>"; };
/* End PBXFileReference section */

/* Begin PBXFrameworksBuildPhase section */
		CF1CCD23173B061600F28A93 /* Frameworks */ = {
			isa = PBXFrameworksBuildPhase;
			buildActionMask = 2147483647;
			files = (
				CF1CCD2A173B061600F28A93 /* UIKit.framework in Frameworks */,
				CF1CCD2C173B061600F28A93 /* Foundation.framework in Frameworks */,
				CF1CCD2E173B061600F28A93 /* CoreGraphics.framework in Frameworks */,
			);
			runOnlyForDeploymentPostprocessing = 0;
		};
/* End PBXFrameworksBuildPhase section */

/* Begin PBXGroup section */
		6C23BA6A174AA7A100EAB411 /* Models */ = {
			isa = PBXGroup;
			children = (
				6C23BA6B174AA7BD00EAB411 /* Person.h */,
				6C23BA6C174AA7BD00EAB411 /* Person.m */,
			);
			name = Models;
			sourceTree = "<group>";
		};
		6C23BA6E174AA93100EAB411 /* Libraries */ = {
			isa = PBXGroup;
			children = (
				6C23BA6F174AA93100EAB411 /* ActiveSupportInflector */,
			);
			name = Libraries;
			path = ../Libraries;
			sourceTree = "<group>";
		};
		6C23BA6F174AA93100EAB411 /* ActiveSupportInflector */ = {
			isa = PBXGroup;
			children = (
				6C23BA70174AA93100EAB411 /* ActiveSupportInflector.h */,
				6C23BA71174AA93100EAB411 /* ActiveSupportInflector.m */,
				6C23BA76174AA93100EAB411 /* NSString+ActiveSupportInflector.h */,
				6C23BA77174AA93100EAB411 /* NSString+ActiveSupportInflector.m */,
			);
			path = ActiveSupportInflector;
			sourceTree = "<group>";
		};
		CF1CCD1D173B061600F28A93 = {
			isa = PBXGroup;
			children = (
				CF1CCD46173B06E600F28A93 /* MEBSimpleORM */,
				CF1CCD2F173B061600F28A93 /* MEBSimpleORMDemo */,
				CF1CCD28173B061600F28A93 /* Frameworks */,
				CF1CCD27173B061600F28A93 /* Products */,
			);
			sourceTree = "<group>";
		};
		CF1CCD27173B061600F28A93 /* Products */ = {
			isa = PBXGroup;
			children = (
				CF1CCD26173B061600F28A93 /* MEBSimpleORMDemo.app */,
			);
			name = Products;
			sourceTree = "<group>";
		};
		CF1CCD28173B061600F28A93 /* Frameworks */ = {
			isa = PBXGroup;
			children = (
				CF1CCD29173B061600F28A93 /* UIKit.framework */,
				CF1CCD2B173B061600F28A93 /* Foundation.framework */,
				CF1CCD2D173B061600F28A93 /* CoreGraphics.framework */,
			);
			name = Frameworks;
			sourceTree = "<group>";
		};
		CF1CCD2F173B061600F28A93 /* MEBSimpleORMDemo */ = {
			isa = PBXGroup;
			children = (
				6C23BA6A174AA7A100EAB411 /* Models */,
				CF1CCD38173B061600F28A93 /* MEBAppDelegate.h */,
				CF1CCD39173B061600F28A93 /* MEBAppDelegate.m */,
				CF1CCD30173B061600F28A93 /* Supporting Files */,
			);
			path = MEBSimpleORMDemo;
			sourceTree = "<group>";
		};
		CF1CCD30173B061600F28A93 /* Supporting Files */ = {
			isa = PBXGroup;
			children = (
				CF1CCD31173B061600F28A93 /* MEBSimpleORMDemo-Info.plist */,
				CF1CCD32173B061600F28A93 /* InfoPlist.strings */,
				CF1CCD35173B061600F28A93 /* main.m */,
				CF1CCD37173B061600F28A93 /* MEBSimpleORMDemo-Prefix.pch */,
				CF1CCD3B173B061600F28A93 /* Default.png */,
				CF1CCD3D173B061600F28A93 /* Default@2x.png */,
				CF1CCD3F173B061600F28A93 /* Default-568h@2x.png */,
			);
			name = "Supporting Files";
			sourceTree = "<group>";
		};
		CF1CCD46173B06E600F28A93 /* MEBSimpleORM */ = {
			isa = PBXGroup;
			children = (
				6C23BA6E174AA93100EAB411 /* Libraries */,
				CF1CCD47173B06E600F28A93 /* Classes */,
				CF1CCD4E173B06E600F28A93 /* MEBSimpleORM.h */,
				CF1CCD4F173B06E600F28A93 /* MEBSimpleORM.m */,
				CF1CCD54173B08AA00F28A93 /* README.md */,
			);
			name = MEBSimpleORM;
			path = ../MEBSimpleORM;
			sourceTree = "<group>";
		};
		CF1CCD47173B06E600F28A93 /* Classes */ = {
			isa = PBXGroup;
			children = (
				CF1CCD48173B06E600F28A93 /* MEBSimpleORMManager.h */,
				CF1CCD49173B06E600F28A93 /* MEBSimpleORMManager.m */,
				CF1CCD4A173B06E600F28A93 /* MEBSimpleORMModel.h */,
				CF1CCD4B173B06E600F28A93 /* MEBSimpleORMModel.m */,
				CF1CCD4C173B06E600F28A93 /* ObjectiveCPropertyDescription.h */,
				CF1CCD4D173B06E600F28A93 /* ObjectiveCPropertyDescription.m */,
			);
			path = Classes;
			sourceTree = "<group>";
		};
/* End PBXGroup section */

/* Begin PBXNativeTarget section */
		CF1CCD25173B061600F28A93 /* MEBSimpleORMDemo */ = {
			isa = PBXNativeTarget;
			buildConfigurationList = CF1CCD43173B061600F28A93 /* Build configuration list for PBXNativeTarget "MEBSimpleORMDemo" */;
			buildPhases = (
				CF1CCD22173B061600F28A93 /* Sources */,
				CF1CCD23173B061600F28A93 /* Frameworks */,
				CF1CCD24173B061600F28A93 /* Resources */,
			);
			buildRules = (
			);
			dependencies = (
			);
			name = MEBSimpleORMDemo;
			productName = MEBSimpleORMDemo;
			productReference = CF1CCD26173B061600F28A93 /* MEBSimpleORMDemo.app */;
			productType = "com.apple.product-type.application";
		};
/* End PBXNativeTarget section */

/* Begin PBXProject section */
		CF1CCD1E173B061600F28A93 /* Project object */ = {
			isa = PBXProject;
			attributes = {
				CLASSPREFIX = MEB;
				LastUpgradeCheck = 0460;
				ORGANIZATIONNAME = "Matthew Brochstein";
			};
			buildConfigurationList = CF1CCD21173B061600F28A93 /* Build configuration list for PBXProject "MEBSimpleORMDemo" */;
			compatibilityVersion = "Xcode 3.2";
			developmentRegion = English;
			hasScannedForEncodings = 0;
			knownRegions = (
				en,
			);
			mainGroup = CF1CCD1D173B061600F28A93;
			productRefGroup = CF1CCD27173B061600F28A93 /* Products */;
			projectDirPath = "";
			projectRoot = "";
			targets = (
				CF1CCD25173B061600F28A93 /* MEBSimpleORMDemo */,
			);
		};
/* End PBXProject section */

/* Begin PBXResourcesBuildPhase section */
		CF1CCD24173B061600F28A93 /* Resources */ = {
			isa = PBXResourcesBuildPhase;
			buildActionMask = 2147483647;
			files = (
				CF1CCD34173B061600F28A93 /* InfoPlist.strings in Resources */,
				CF1CCD3C173B061600F28A93 /* Default.png in Resources */,
				CF1CCD3E173B061600F28A93 /* Default@2x.png in Resources */,
				CF1CCD40173B061600F28A93 /* Default-568h@2x.png in Resources */,
				CF1CCD55173B08AA00F28A93 /* README.md in Resources */,
			);
			runOnlyForDeploymentPostprocessing = 0;
		};
/* End PBXResourcesBuildPhase section */

/* Begin PBXSourcesBuildPhase section */
		CF1CCD22173B061600F28A93 /* Sources */ = {
			isa = PBXSourcesBuildPhase;
			buildActionMask = 2147483647;
			files = (
				CF1CCD36173B061600F28A93 /* main.m in Sources */,
				CF1CCD3A173B061600F28A93 /* MEBAppDelegate.m in Sources */,
				CF1CCD50173B06E600F28A93 /* MEBSimpleORMManager.m in Sources */,
				CF1CCD51173B06E600F28A93 /* MEBSimpleORMModel.m in Sources */,
				CF1CCD52173B06E600F28A93 /* ObjectiveCPropertyDescription.m in Sources */,
				CF1CCD53173B06E600F28A93 /* MEBSimpleORM.m in Sources */,
				6C23BA6D174AA7BD00EAB411 /* Person.m in Sources */,
				6C23BA79174AA93100EAB411 /* ActiveSupportInflector.m in Sources */,
				6C23BA7E174AA93100EAB411 /* NSString+ActiveSupportInflector.m in Sources */,
			);
			runOnlyForDeploymentPostprocessing = 0;
		};
/* End PBXSourcesBuildPhase section */

/* Begin PBXVariantGroup section */
		CF1CCD32173B061600F28A93 /* InfoPlist.strings */ = {
			isa = PBXVariantGroup;
			children = (
				CF1CCD33173B061600F28A93 /* en */,
			);
			name = InfoPlist.strings;
			sourceTree = "<group>";
		};
/* End PBXVariantGroup section */

/* Begin XCBuildConfiguration section */
		CF1CCD41173B061600F28A93 /* Debug */ = {
			isa = XCBuildConfiguration;
			buildSettings = {
				ALWAYS_SEARCH_USER_PATHS = NO;
				CLANG_CXX_LANGUAGE_STANDARD = "gnu++0x";
				CLANG_CXX_LIBRARY = "libc++";
				CLANG_ENABLE_OBJC_ARC = YES;
				CLANG_WARN_CONSTANT_CONVERSION = YES;
				CLANG_WARN_EMPTY_BODY = YES;
				CLANG_WARN_ENUM_CONVERSION = YES;
				CLANG_WARN_INT_CONVERSION = YES;
				CLANG_WARN__DUPLICATE_METHOD_MATCH = YES;
				"CODE_SIGN_IDENTITY[sdk=iphoneos*]" = "iPhone Developer";
				COPY_PHASE_STRIP = NO;
				GCC_C_LANGUAGE_STANDARD = gnu99;
				GCC_DYNAMIC_NO_PIC = NO;
				GCC_OPTIMIZATION_LEVEL = 0;
				GCC_PREPROCESSOR_DEFINITIONS = (
					"DEBUG=1",
					"$(inherited)",
				);
				GCC_SYMBOLS_PRIVATE_EXTERN = NO;
				GCC_WARN_ABOUT_RETURN_TYPE = YES;
				GCC_WARN_UNINITIALIZED_AUTOS = YES;
				GCC_WARN_UNUSED_VARIABLE = YES;
				IPHONEOS_DEPLOYMENT_TARGET = 6.1;
				ONLY_ACTIVE_ARCH = YES;
				SDKROOT = iphoneos;
			};
			name = Debug;
		};
		CF1CCD42173B061600F28A93 /* Release */ = {
			isa = XCBuildConfiguration;
			buildSettings = {
				ALWAYS_SEARCH_USER_PATHS = NO;
				CLANG_CXX_LANGUAGE_STANDARD = "gnu++0x";
				CLANG_CXX_LIBRARY = "libc++";
				CLANG_ENABLE_OBJC_ARC = YES;
				CLANG_WARN_CONSTANT_CONVERSION = YES;
				CLANG_WARN_EMPTY_BODY = YES;
				CLANG_WARN_ENUM_CONVERSION = YES;
				CLANG_WARN_INT_CONVERSION = YES;
				CLANG_WARN__DUPLICATE_METHOD_MATCH = YES;
				"CODE_SIGN_IDENTITY[sdk=iphoneos*]" = "iPhone Developer";
				COPY_PHASE_STRIP = YES;
				GCC_C_LANGUAGE_STANDARD = gnu99;
				GCC_WARN_ABOUT_RETURN_TYPE = YES;
				GCC_WARN_UNINITIALIZED_AUTOS = YES;
				GCC_WARN_UNUSED_VARIABLE = YES;
				IPHONEOS_DEPLOYMENT_TARGET = 6.1;
				OTHER_CFLAGS = "-DNS_BLOCK_ASSERTIONS=1";
				SDKROOT = iphoneos;
				VALIDATE_PRODUCT = YES;
			};
			name = Release;
		};
		CF1CCD44173B061600F28A93 /* Debug */ = {
			isa = XCBuildConfiguration;
			buildSettings = {
				GCC_PRECOMPILE_PREFIX_HEADER = YES;
				GCC_PREFIX_HEADER = "MEBSimpleORMDemo/MEBSimpleORMDemo-Prefix.pch";
				INFOPLIST_FILE = "MEBSimpleORMDemo/MEBSimpleORMDemo-Info.plist";
				PRODUCT_NAME = "$(TARGET_NAME)";
				WRAPPER_EXTENSION = app;
			};
			name = Debug;
		};
		CF1CCD45173B061600F28A93 /* Release */ = {
			isa = XCBuildConfiguration;
			buildSettings = {
				GCC_PRECOMPILE_PREFIX_HEADER = YES;
				GCC_PREFIX_HEADER = "MEBSimpleORMDemo/MEBSimpleORMDemo-Prefix.pch";
				INFOPLIST_FILE = "MEBSimpleORMDemo/MEBSimpleORMDemo-Info.plist";
				PRODUCT_NAME = "$(TARGET_NAME)";
				WRAPPER_EXTENSION = app;
			};
			name = Release;
		};
/* End XCBuildConfiguration section */

/* Begin XCConfigurationList section */
		CF1CCD21173B061600F28A93 /* Build configuration list for PBXProject "MEBSimpleORMDemo" */ = {
			isa = XCConfigurationList;
			buildConfigurations = (
				CF1CCD41173B061600F28A93 /* Debug */,
				CF1CCD42173B061600F28A93 /* Release */,
			);
			defaultConfigurationIsVisible = 0;
			defaultConfigurationName = Release;
		};
		CF1CCD43173B061600F28A93 /* Build configuration list for PBXNativeTarget "MEBSimpleORMDemo" */ = {
			isa = XCConfigurationList;
			buildConfigurations = (
				CF1CCD44173B061600F28A93 /* Debug */,
				CF1CCD45173B061600F28A93 /* Release */,
			);
			defaultConfigurationIsVisible = 0;
			defaultConfigurationName = Release;
		};
/* End XCConfigurationList section */
	};
	rootObject = CF1CCD1E173B061600F28A93 /* Project object */;
}
